{
  "version": "2",
  "remote": {
    "https://cdn.skypack.dev/-/@types/markdown-it@v12.2.3-sYCwq3SJdXEhZLrqr5Jd/dist=es2019,mode=imports/optimized/@types/markdown-it.js": "5d71afac9a0636b438aff7daa03026bc53a42b37fb59459792dee56119b9ae05",
    "https://cdn.skypack.dev/-/@types/markdown-it@v12.2.3-sYCwq3SJdXEhZLrqr5Jd/dist=es2019,mode=types/index.d.ts": "cc9c54f15e38cef2332f8c3b0fbb16798eefdb6445a7e1546814036cbee73297",
    "https://cdn.skypack.dev/-/@types/markdown-it@v12.2.3-sYCwq3SJdXEhZLrqr5Jd/dist=es2019,mode=types/lib/common/utils.d.ts": "c0d67c6c30ebd79af9835ea1bd6e0243a60ac9a5b8f8290c09cbbfb1fe0f50d1",
    "https://cdn.skypack.dev/-/@types/markdown-it@v12.2.3-sYCwq3SJdXEhZLrqr5Jd/dist=es2019,mode=types/lib/helpers/index.d.ts": "ac9e9e9012d15d15faef201e23178eec83d6aab8dc7c172a8c57bfb07baa3cf7",
    "https://cdn.skypack.dev/-/@types/markdown-it@v12.2.3-sYCwq3SJdXEhZLrqr5Jd/dist=es2019,mode=types/lib/helpers/parse_link_destination.d.ts": "b8396e9024d554b611cbe31a024b176ba7116063d19354b5a02dccd8f0118989",
    "https://cdn.skypack.dev/-/@types/markdown-it@v12.2.3-sYCwq3SJdXEhZLrqr5Jd/dist=es2019,mode=types/lib/helpers/parse_link_label.d.ts": "7849f0ffaa4577329c66f4c00515fc2993d3e52b5c99ed16dc6a8559e61ba22f",
    "https://cdn.skypack.dev/-/@types/markdown-it@v12.2.3-sYCwq3SJdXEhZLrqr5Jd/dist=es2019,mode=types/lib/helpers/parse_link_title.d.ts": "1bf83cace5d74d1c584e63427c3feac76c0274ae546841fd48758526230ebe16",
    "https://cdn.skypack.dev/-/@types/markdown-it@v12.2.3-sYCwq3SJdXEhZLrqr5Jd/dist=es2019,mode=types/lib/index.d.ts": "72233447415684015f7c908dc795af4b48843092bfb5f5ec5f76431520457cfd",
    "https://cdn.skypack.dev/-/@types/markdown-it@v12.2.3-sYCwq3SJdXEhZLrqr5Jd/dist=es2019,mode=types/lib/parser_block.d.ts": "d9c8037c97a151947e9f049284e2e10d257532980492a6ea7326f6b3e28a7d92",
    "https://cdn.skypack.dev/-/@types/markdown-it@v12.2.3-sYCwq3SJdXEhZLrqr5Jd/dist=es2019,mode=types/lib/parser_core.d.ts": "f04f830427f4adf73db1ea8bd39df609c21e74086b990cb2ecfb10368d67688c",
    "https://cdn.skypack.dev/-/@types/markdown-it@v12.2.3-sYCwq3SJdXEhZLrqr5Jd/dist=es2019,mode=types/lib/parser_inline.d.ts": "49930ce4761c2ac60f98f1a3a7320392229e89108c102f088814dd384db32216",
    "https://cdn.skypack.dev/-/@types/markdown-it@v12.2.3-sYCwq3SJdXEhZLrqr5Jd/dist=es2019,mode=types/lib/renderer.d.ts": "1b20c2ad4997b3e0d69c40d9b7f3754571a8037558b4a96d51d39e986fb9fc50",
    "https://cdn.skypack.dev/-/@types/markdown-it@v12.2.3-sYCwq3SJdXEhZLrqr5Jd/dist=es2019,mode=types/lib/ruler.d.ts": "49fe02c94805b6d120e6034b83da12fe66735d881385116e399a36abfb1d7b92",
    "https://cdn.skypack.dev/-/@types/markdown-it@v12.2.3-sYCwq3SJdXEhZLrqr5Jd/dist=es2019,mode=types/lib/rules_block/state_block.d.ts": "6acbd71c661359da7da4576f665b23a2a5fa48a5b8c6a1cbed84088abb54e909",
    "https://cdn.skypack.dev/-/@types/markdown-it@v12.2.3-sYCwq3SJdXEhZLrqr5Jd/dist=es2019,mode=types/lib/rules_core/state_core.d.ts": "17ab570aea2ea2021916c213ee7ab38b4f0171ece3226a0437b0f6e75aaf791c",
    "https://cdn.skypack.dev/-/@types/markdown-it@v12.2.3-sYCwq3SJdXEhZLrqr5Jd/dist=es2019,mode=types/lib/rules_inline/state_inline.d.ts": "3e39be2305d5270293d2ca86c978d219ba1e0e538fced9856c272f44ca067cdd",
    "https://cdn.skypack.dev/-/@types/markdown-it@v12.2.3-sYCwq3SJdXEhZLrqr5Jd/dist=es2019,mode=types/lib/token.d.ts": "95902d5561c6aac5dfc40568a12b0aca324037749dcd32a81f23423bfde69bab",
    "https://cdn.skypack.dev/-/highlight.js@v11.6.0-4W1e4sNTmpsDP0C1l7xy/dist=es2019,mode=imports/optimized/common/core-6fff0e6f.js": "19f0aebe2ae7ed8c14a06278d72149a4869bb9f3e70b4f027890847a18870e73",
    "https://cdn.skypack.dev/-/highlight.js@v11.6.0-4W1e4sNTmpsDP0C1l7xy/dist=es2019,mode=imports/optimized/common/wasm-225926ab.js": "382aafa96667599876ab1db1cd6bb3e22f1f9e116b3bd7a01eacb50b95647f90",
    "https://cdn.skypack.dev/-/highlight.js@v11.6.0-4W1e4sNTmpsDP0C1l7xy/dist=es2019,mode=imports/optimized/highlightjs.js": "5d347306de79bdcec320966f1e40b4e114d6411cd0d71cad55a0026bebfef00c",
    "https://cdn.skypack.dev/@types/markdown-it@12.2.3?dts": "8786aa271dc1a635b7065abc8743b0abe6201e27ec8b4c5ab9b70da5228d8a38",
    "https://cdn.skypack.dev/error/unknown:linkify-it?from=@types/markdown-it": "405315f59362e270bb4bca040e053c83224a81b1a396aed9eacdad5d9e88dc7c",
    "https://cdn.skypack.dev/error/unknown:mdurl?from=@types/markdown-it": "3c6ed2f6f80fb6c3a4dac27c910b996f78f568b40ba14a1afb51476e32ed0581",
    "https://cdn.skypack.dev/highlight.js@11.6.0": "4fa5b5713876497f4a1ca59020e30d4db240137a574a273eafdae83ebdc1c735",
    "https://deno.land/std@0.153.0/node/internal/idna.ts": "3aed89919e3078160733b6e6ac60fdb06052cf0418acbabcf86f90017d102b78",
    "https://deno.land/std@0.153.0/node/punycode.ts": "11b5821448d9e815058a18e5a86ea7abfacc55dca9d444ff27af81069068e2e3",
    "https://deno.land/std@0.159.0/_util/assert.ts": "e94f2eb37cebd7f199952e242c77654e43333c1ac4c5c700e929ea3aa5489f74",
    "https://deno.land/std@0.159.0/flags/mod.ts": "5ecf064f28471b455be61a71b68172236151f3362c8b4a663d5aedee93179ded",
    "https://esm.sh/katex@0.16.3?no-dts": "bb19b77d46e0088b1dbae72d7224dd04602cbb9075152484ec14ea99659f70f1",
    "https://esm.sh/markdown-it-emoji@2.0.2?no-dts": "4be90ed622ae80ebb58936c588931b74fe77580c5923fa19e9be0c600fd35b0c",
    "https://esm.sh/markdown-it-footnote@3.0.3?no-dts": "4780095df2c04bad58474a06e551153bc5ce1f80d09301a94648c76cabbdab59",
    "https://esm.sh/markdown-it-task-lists@2.1.1?no-dts": "db486c1c7ee7c3259922eff7383bb1e569449c83c6edf5b100b3ec39b830f813",
    "https://esm.sh/markdown-it-texmath@1.0.0?no-dts": "e2c013080374b7370c17c8caf51ba0ef4609e76d6f2d2fda85d3d1cc73b1e3df",
    "https://esm.sh/markdown-it@13.0.1?no-dts": "486e4a8c09b9602c5b0db0520fe05ed0f25f76562b82c4a689ae37392e1f3112",
    "https://esm.sh/v96/entities@3.0.1/deno/lib/maps/entities.json.js": "b8eafb4da8460b43600221c3e50d0b64d38a25b223de6379fdb513bc826db9e3",
    "https://esm.sh/v96/katex@0.16.3/deno/katex.js": "751a366701f4f49d1697ac73b513c0f805785fe38d46b2cd307186b64c22fa45",
    "https://esm.sh/v96/linkify-it@4.0.1/deno/linkify-it.js": "a08ee13721514b99cc52b021074dad0aea259f5c186e30b5dcd79c5681ba287e",
    "https://esm.sh/v96/markdown-it-emoji@2.0.2/deno/markdown-it-emoji.js": "f9821bc19ccc86381d1e5ef4092bcedceec90297e9d9886236c17999eac966b3",
    "https://esm.sh/v96/markdown-it-footnote@3.0.3/deno/markdown-it-footnote.js": "84ce85a3aa7d694e480b44ef917ebd88f254060d4ca7eb06d5986d26d79a458b",
    "https://esm.sh/v96/markdown-it-task-lists@2.1.1/deno/markdown-it-task-lists.js": "fa7efe5aad9fe4aa931e26155f317b99cdeed94eafff47b20b5e766fc8654045",
    "https://esm.sh/v96/markdown-it-texmath@1.0.0/deno/markdown-it-texmath.js": "58d702093d0fe3945c604ff4c74470dbfeb2394b1f9eb69ba0465513409386dc",
    "https://esm.sh/v96/markdown-it@13.0.1/deno/markdown-it.js": "29539fa909504ed7dd55986e81e0ecd74ed9e7be1874c95fbec6ecb13ec56676",
    "https://esm.sh/v96/mdurl@1.0.1/deno/mdurl.js": "4551377ffa4db943c51e4bf5f5c0c7f9287b3734b8ff6711b4a5b02849ac364a",
    "https://esm.sh/v96/uc.micro@1.0.6/deno/categories/Cc/regex.js": "588b2ad88036d3d01368fb02e6ac3e26ec8a9d62bf4f70ae858d7e8acc629162",
    "https://esm.sh/v96/uc.micro@1.0.6/deno/categories/P/regex.js": "88dbe914cfdb88e3a980b238967ca0523db730a7e94194ecc6e70770ae29759f",
    "https://esm.sh/v96/uc.micro@1.0.6/deno/categories/Z/regex.js": "4bfc4153ad1a995246c711230ecfc0b4c9274c9148d0a3d3309f770ca25c3907",
    "https://esm.sh/v96/uc.micro@1.0.6/deno/properties/Any/regex.js": "943005cb551bcde2ac1cf871976ac01863b9cfc0a17944f30ec74d0413617c0e",
    "https://esm.sh/v96/uc.micro@1.0.6/deno/uc.micro.js": "c5f75cf07a117d98a91c48ab9467517542b0b043fff6c6174466a415990ce286"
  }
}
